
Microsoft Visual Studio Solution File, Format Version 12.00
# Visual Studio Version 16
VisualStudioVersion = 16.0.32228.343
MinimumVisualStudioVersion = 10.0.40219.1
Project("{FAE04EC0-301F-11D3-BF4B-00C04F79EFBC}") = "Complaint Management And Logging System", "Complaint Management And Logging System\Complaint Management And Logging System.csproj", "{76F0C0C8-20B0-4441-B273-A8CAEF537479}"
EndProject
Global
	GlobalSection(SolutionConfigurationPlatforms) = preSolution
		Debug|Any CPU = Debug|Any CPU
		Release|Any CPU = Release|Any CPU
	EndGlobalSection
	GlobalSection(ProjectConfigurationPlatforms) = postSolution
		{76F0C0C8-20B0-4441-B273-A8CAEF537479}.Debug|Any CPU.ActiveCfg = Debug|Any CPU
		{76F0C0C8-20B0-4441-B273-A8CAEF537479}.Debug|Any CPU.Build.0 = Debug|Any CPU
		{76F0C0C8-20B0-4441-B273-A8CAEF537479}.Release|Any CPU.ActiveCfg = Release|Any CPU
		{76F0C0C8-20B0-4441-B273-A8CAEF537479}.Release|Any CPU.Build.0 = Release|Any CPU
	EndGlobalSection
	GlobalSection(SolutionProperties) = preSolution
		HideSolutionNode = FALSE
	EndGlobalSection
	GlobalSection(ExtensibilityGlobals) = postSolution
		SolutionGuid = {BA08A3A9-2DD7-4CE1-B27C-5360DA105B47}
	EndGlobalSection
EndGlobal
